// !$*UTF8*$!
{
	archiveVersion = 1;
	classes = {
	};
	objectVersion = 46;
	objects = {

/* Begin PBXBuildFile section */
		E102CFC218BA388400813519 /* ciphers_test.c in Sources */ = {isa = PBXBuildFile; fileRef = E102CFC118BA388400813519 /* ciphers_test.c */; };
		E102CFC718BA3C2000813519 /* run_tests.c in Sources */ = {isa = PBXBuildFile; fileRef = E102CFC618BA3C2000813519 /* run_tests.c */; };
		E102CFCC18BA45B900813519 /* unittest.c in Sources */ = {isa = PBXBuildFile; fileRef = E102CFCB18BA45B900813519 /* unittest.c */; };
		E102CFCE18BBD3A600813519 /* utilities_tests.c in Sources */ = {isa = PBXBuildFile; fileRef = E102CFCD18BBD3A600813519 /* utilities_tests.c */; };
		E12EE38118B91D040029BBF5 /* statistics.c in Sources */ = {isa = PBXBuildFile; fileRef = E12EE38018B91D040029BBF5 /* statistics.c */; };
		E12EE38518B942760029BBF5 /* ciphers_generators.c in Sources */ = {isa = PBXBuildFile; fileRef = E12EE38418B942760029BBF5 /* ciphers_generators.c */; };
		E12EE38818B948270029BBF5 /* caesar_brute.c in Sources */ = {isa = PBXBuildFile; fileRef = E12EE38718B948270029BBF5 /* caesar_brute.c */; };
		E190764018B8ACF00082E443 /* main.c in Sources */ = {isa = PBXBuildFile; fileRef = E190763E18B8ACF00082E443 /* main.c */; };
		E190767418B8BD920082E443 /* frequency.c in Sources */ = {isa = PBXBuildFile; fileRef = E190767018B8BD920082E443 /* frequency.c */; };
		E190767518B8BD920082E443 /* topwords.c in Sources */ = {isa = PBXBuildFile; fileRef = E190767218B8BD920082E443 /* topwords.c */; };
		E190768118B8BD990082E443 /* arrayext.c in Sources */ = {isa = PBXBuildFile; fileRef = E190767618B8BD990082E443 /* arrayext.c */; };
		E190768218B8BD990082E443 /* constants.c in Sources */ = {isa = PBXBuildFile; fileRef = E190767818B8BD990082E443 /* constants.c */; };
		E190768318B8BD990082E443 /* files.c in Sources */ = {isa = PBXBuildFile; fileRef = E190767A18B8BD990082E443 /* files.c */; };
		E190768418B8BD990082E443 /* osext.c in Sources */ = {isa = PBXBuildFile; fileRef = E190767B18B8BD990082E443 /* osext.c */; };
		E190768518B8BD990082E443 /* ospath.c in Sources */ = {isa = PBXBuildFile; fileRef = E190767D18B8BD990082E443 /* ospath.c */; };
		E190768618B8BD990082E443 /* stringext.c in Sources */ = {isa = PBXBuildFile; fileRef = E190767F18B8BD990082E443 /* stringext.c */; };
		E190768D18B8BD9F0082E443 /* caesar.c in Sources */ = {isa = PBXBuildFile; fileRef = E190768718B8BD9F0082E443 /* caesar.c */; };
		E190768E18B8BD9F0082E443 /* substitution.c in Sources */ = {isa = PBXBuildFile; fileRef = E190768918B8BD9F0082E443 /* substitution.c */; };
		E190768F18B8BD9F0082E443 /* vigenere.c in Sources */ = {isa = PBXBuildFile; fileRef = E190768B18B8BD9F0082E443 /* vigenere.c */; };
/* End PBXBuildFile section */

/* Begin PBXContainerItemProxy section */
		E102CFBA18BA334800813519 /* PBXContainerItemProxy */ = {
			isa = PBXContainerItemProxy;
			containerPortal = E193DE8218B1181B004A5EF4 /* Project object */;
			proxyType = 1;
			remoteGlobalIDString = E193DE8918B1181B004A5EF4;
			remoteInfo = parkc;
		};
/* End PBXContainerItemProxy section */

/* Begin PBXCopyFilesBuildPhase section */
		E193DE8818B1181B004A5EF4 /* CopyFiles */ = {
			isa = PBXCopyFilesBuildPhase;
			buildActionMask = 2147483647;
			dstPath = /usr/share/man/man1/;
			dstSubfolderSpec = 0;
			files = (
			);
			runOnlyForDeploymentPostprocessing = 1;
		};
/* End PBXCopyFilesBuildPhase section */

/* Begin PBXFileReference section */
		E102CFAD18BA334800813519 /* parkc Tests.xctest */ = {isa = PBXFileReference; explicitFileType = wrapper.cfbundle; includeInIndex = 0; path = "parkc Tests.xctest"; sourceTree = BUILT_PRODUCTS_DIR; };
		E102CFC118BA388400813519 /* ciphers_test.c */ = {isa = PBXFileReference; fileEncoding = 4; lastKnownFileType = sourcecode.c.c; path = ciphers_test.c; sourceTree = "<group>"; };
		E102CFC418BA38CA00813519 /* ciphers_test.h */ = {isa = PBXFileReference; fileEncoding = 4; lastKnownFileType = sourcecode.c.h; path = ciphers_test.h; sourceTree = "<group>"; };
		E102CFC618BA3C2000813519 /* run_tests.c */ = {isa = PBXFileReference; fileEncoding = 4; lastKnownFileType = sourcecode.c.c; path = run_tests.c; sourceTree = "<group>"; };
		E102CFC818BA3C2C00813519 /* run_tests.h */ = {isa = PBXFileReference; fileEncoding = 4; lastKnownFileType = sourcecode.c.h; path = run_tests.h; sourceTree = "<group>"; };
		E102CFCA18BA459400813519 /* unittest.h */ = {isa = PBXFileReference; fileEncoding = 4; lastKnownFileType = sourcecode.c.h; path = unittest.h; sourceTree = "<group>"; };
		E102CFCB18BA45B900813519 /* unittest.c */ = {isa = PBXFileReference; fileEncoding = 4; lastKnownFileType = sourcecode.c.c; path = unittest.c; sourceTree = "<group>"; };
		E102CFCD18BBD3A600813519 /* utilities_tests.c */ = {isa = PBXFileReference; fileEncoding = 4; lastKnownFileType = sourcecode.c.c; path = utilities_tests.c; sourceTree = "<group>"; };
		E102CFCF18BBD3BE00813519 /* utilities_tests.h */ = {isa = PBXFileReference; lastKnownFileType = sourcecode.c.h; path = utilities_tests.h; sourceTree = "<group>"; };
		E12EE38018B91D040029BBF5 /* statistics.c */ = {isa = PBXFileReference; fileEncoding = 4; lastKnownFileType = sourcecode.c.c; path = statistics.c; sourceTree = "<group>"; };
		E12EE38218B91D130029BBF5 /* statitics.h */ = {isa = PBXFileReference; lastKnownFileType = sourcecode.c.h; path = statitics.h; sourceTree = "<group>"; };
		E12EE38418B942760029BBF5 /* ciphers_generators.c */ = {isa = PBXFileReference; fileEncoding = 4; lastKnownFileType = sourcecode.c.c; path = ciphers_generators.c; sourceTree = "<group>"; };
		E12EE38618B942860029BBF5 /* ciphers_generators.h */ = {isa = PBXFileReference; lastKnownFileType = sourcecode.c.h; path = ciphers_generators.h; sourceTree = "<group>"; };
		E12EE38718B948270029BBF5 /* caesar_brute.c */ = {isa = PBXFileReference; fileEncoding = 4; lastKnownFileType = sourcecode.c.c; path = caesar_brute.c; sourceTree = "<group>"; };
		E12EE38918B948300029BBF5 /* caesar_brute.h */ = {isa = PBXFileReference; lastKnownFileType = sourcecode.c.h; path = caesar_brute.h; sourceTree = "<group>"; };
		E156574018B8F54700415902 /* vigenere.h */ = {isa = PBXFileReference; lastKnownFileType = sourcecode.c.h; path = vigenere.h; sourceTree = "<group>"; };
		E156574118B8F55D00415902 /* substitution.h */ = {isa = PBXFileReference; lastKnownFileType = sourcecode.c.h; path = substitution.h; sourceTree = "<group>"; };
		E156574218B8F58000415902 /* arrayext.h */ = {isa = PBXFileReference; lastKnownFileType = sourcecode.c.h; path = arrayext.h; sourceTree = "<group>"; };
		E156574318B8F5BD00415902 /* constants.h */ = {isa = PBXFileReference; lastKnownFileType = sourcecode.c.h; path = constants.h; sourceTree = "<group>"; };
		E156574418B8F5DA00415902 /* stringext.h */ = {isa = PBXFileReference; lastKnownFileType = sourcecode.c.h; path = stringext.h; sourceTree = "<group>"; };
		E156574518B8F60600415902 /* osext.h */ = {isa = PBXFileReference; lastKnownFileType = sourcecode.c.h; path = osext.h; sourceTree = "<group>"; };
		E156574618B8F61B00415902 /* ospath.h */ = {isa = PBXFileReference; lastKnownFileType = sourcecode.c.h; path = ospath.h; sourceTree = "<group>"; };
		E171DE5618B8F2F000881B43 /* frequency.h */ = {isa = PBXFileReference; lastKnownFileType = sourcecode.c.h; path = frequency.h; sourceTree = "<group>"; };
		E171DE5718B8F32400881B43 /* topwords.h */ = {isa = PBXFileReference; lastKnownFileType = sourcecode.c.h; path = topwords.h; sourceTree = "<group>"; };
		E171DE5818B8F34400881B43 /* caesar.h */ = {isa = PBXFileReference; lastKnownFileType = sourcecode.c.h; path = caesar.h; sourceTree = "<group>"; };
		E190763E18B8ACF00082E443 /* main.c */ = {isa = PBXFileReference; fileEncoding = 4; lastKnownFileType = sourcecode.c.c; path = main.c; sourceTree = "<group>"; };
		E190763F18B8ACF00082E443 /* main.h */ = {isa = PBXFileReference; fileEncoding = 4; lastKnownFileType = sourcecode.c.h; path = main.h; sourceTree = "<group>"; };
		E190767018B8BD920082E443 /* frequency.c */ = {isa = PBXFileReference; fileEncoding = 4; lastKnownFileType = sourcecode.c.c; path = frequency.c; sourceTree = "<group>"; };
		E190767218B8BD920082E443 /* topwords.c */ = {isa = PBXFileReference; fileEncoding = 4; lastKnownFileType = sourcecode.c.c; path = topwords.c; sourceTree = "<group>"; };
		E190767618B8BD990082E443 /* arrayext.c */ = {isa = PBXFileReference; fileEncoding = 4; lastKnownFileType = sourcecode.c.c; path = arrayext.c; sourceTree = "<group>"; };
		E190767818B8BD990082E443 /* constants.c */ = {isa = PBXFileReference; fileEncoding = 4; lastKnownFileType = sourcecode.c.c; path = constants.c; sourceTree = "<group>"; };
		E190767A18B8BD990082E443 /* files.c */ = {isa = PBXFileReference; fileEncoding = 4; lastKnownFileType = sourcecode.c.c; path = files.c; sourceTree = "<group>"; };
		E190767B18B8BD990082E443 /* osext.c */ = {isa = PBXFileReference; fileEncoding = 4; lastKnownFileType = sourcecode.c.c; path = osext.c; sourceTree = "<group>"; };
		E190767D18B8BD990082E443 /* ospath.c */ = {isa = PBXFileReference; fileEncoding = 4; lastKnownFileType = sourcecode.c.c; path = ospath.c; sourceTree = "<group>"; };
		E190767F18B8BD990082E443 /* stringext.c */ = {isa = PBXFileReference; fileEncoding = 4; lastKnownFileType = sourcecode.c.c; path = stringext.c; sourceTree = "<group>"; };
		E190768718B8BD9F0082E443 /* caesar.c */ = {isa = PBXFileReference; fileEncoding = 4; lastKnownFileType = sourcecode.c.c; path = caesar.c; sourceTree = "<group>"; };
		E190768918B8BD9F0082E443 /* substitution.c */ = {isa = PBXFileReference; fileEncoding = 4; lastKnownFileType = sourcecode.c.c; path = substitution.c; sourceTree = "<group>"; };
		E190768B18B8BD9F0082E443 /* vigenere.c */ = {isa = PBXFileReference; fileEncoding = 4; lastKnownFileType = sourcecode.c.c; path = vigenere.c; sourceTree = "<group>"; };
		E190769018B8BDBF0082E443 /* files.h */ = {isa = PBXFileReference; lastKnownFileType = sourcecode.c.h; path = files.h; sourceTree = "<group>"; };
		E193DE8A18B1181B004A5EF4 /* parkc */ = {isa = PBXFileReference; explicitFileType = "compiled.mach-o.executable"; includeInIndex = 0; path = parkc; sourceTree = BUILT_PRODUCTS_DIR; };
/* End PBXFileReference section */

/* Begin PBXFrameworksBuildPhase section */
		E102CFAA18BA334800813519 /* Frameworks */ = {
			isa = PBXFrameworksBuildPhase;
			buildActionMask = 2147483647;
			files = (
			);
			runOnlyForDeploymentPostprocessing = 0;
		};
		E193DE8718B1181B004A5EF4 /* Frameworks */ = {
			isa = PBXFrameworksBuildPhase;
			buildActionMask = 2147483647;
			files = (
			);
			runOnlyForDeploymentPostprocessing = 0;
		};
/* End PBXFrameworksBuildPhase section */

/* Begin PBXGroup section */
		E102CFBF18BA37B900813519 /* tests */ = {
			isa = PBXGroup;
			children = (
				E102CFC118BA388400813519 /* ciphers_test.c */,
				E102CFC418BA38CA00813519 /* ciphers_test.h */,
				E102CFC618BA3C2000813519 /* run_tests.c */,
				E102CFC818BA3C2C00813519 /* run_tests.h */,
				E102CFCD18BBD3A600813519 /* utilities_tests.c */,
				E102CFCF18BBD3BE00813519 /* utilities_tests.h */,
			);
			path = tests;
			sourceTree = "<group>";
		};
		E102CFC918BA454C00813519 /* lib */ = {
			isa = PBXGroup;
			children = (
				E102CFCA18BA459400813519 /* unittest.h */,
				E102CFCB18BA45B900813519 /* unittest.c */,
			);
			path = lib;
			sourceTree = "<group>";
		};
		E12EE38318B923D60029BBF5 /* cryptanalysis */ = {
			isa = PBXGroup;
			children = (
				E12EE38418B942760029BBF5 /* ciphers_generators.c */,
				E12EE38618B942860029BBF5 /* ciphers_generators.h */,
				E12EE38718B948270029BBF5 /* caesar_brute.c */,
				E12EE38918B948300029BBF5 /* caesar_brute.h */,
			);
			path = cryptanalysis;
			sourceTree = "<group>";
		};
		E190766D18B8BD1F0082E443 /* ciphers */ = {
			isa = PBXGroup;
			children = (
				E190768718B8BD9F0082E443 /* caesar.c */,
				E190768918B8BD9F0082E443 /* substitution.c */,
				E190768B18B8BD9F0082E443 /* vigenere.c */,
				E171DE5818B8F34400881B43 /* caesar.h */,
				E156574018B8F54700415902 /* vigenere.h */,
				E156574118B8F55D00415902 /* substitution.h */,
			);
			path = ciphers;
			sourceTree = "<group>";
		};
		E190766E18B8BD3E0082E443 /* utilities */ = {
			isa = PBXGroup;
			children = (
				E190767618B8BD990082E443 /* arrayext.c */,
				E190767818B8BD990082E443 /* constants.c */,
				E190767A18B8BD990082E443 /* files.c */,
				E190767B18B8BD990082E443 /* osext.c */,
				E190767D18B8BD990082E443 /* ospath.c */,
				E190767F18B8BD990082E443 /* stringext.c */,
				E190769018B8BDBF0082E443 /* files.h */,
				E156574218B8F58000415902 /* arrayext.h */,
				E156574318B8F5BD00415902 /* constants.h */,
				E156574418B8F5DA00415902 /* stringext.h */,
				E156574518B8F60600415902 /* osext.h */,
				E156574618B8F61B00415902 /* ospath.h */,
			);
			path = utilities;
			sourceTree = "<group>";
		};
		E190766F18B8BD7E0082E443 /* datamining */ = {
			isa = PBXGroup;
			children = (
				E190767018B8BD920082E443 /* frequency.c */,
				E190767218B8BD920082E443 /* topwords.c */,
				E171DE5618B8F2F000881B43 /* frequency.h */,
				E171DE5718B8F32400881B43 /* topwords.h */,
				E12EE38018B91D040029BBF5 /* statistics.c */,
				E12EE38218B91D130029BBF5 /* statitics.h */,
			);
			path = datamining;
			sourceTree = "<group>";
		};
		E193DE8118B1181B004A5EF4 = {
			isa = PBXGroup;
			children = (
				E193DE8C18B1181B004A5EF4 /* parkc */,
				E193DE8B18B1181B004A5EF4 /* Products */,
			);
			sourceTree = "<group>";
		};
		E193DE8B18B1181B004A5EF4 /* Products */ = {
			isa = PBXGroup;
			children = (
				E193DE8A18B1181B004A5EF4 /* parkc */,
				E102CFAD18BA334800813519 /* parkc Tests.xctest */,
			);
			name = Products;
			sourceTree = "<group>";
		};
		E193DE8C18B1181B004A5EF4 /* parkc */ = {
			isa = PBXGroup;
			children = (
				E102CFC918BA454C00813519 /* lib */,
				E102CFBF18BA37B900813519 /* tests */,
				E12EE38318B923D60029BBF5 /* cryptanalysis */,
				E190766F18B8BD7E0082E443 /* datamining */,
				E190766E18B8BD3E0082E443 /* utilities */,
				E190766D18B8BD1F0082E443 /* ciphers */,
				E190763E18B8ACF00082E443 /* main.c */,
				E190763F18B8ACF00082E443 /* main.h */,
			);
			path = parkc;
			sourceTree = "<group>";
		};
/* End PBXGroup section */

/* Begin PBXNativeTarget section */
		E102CFAC18BA334800813519 /* parkc Tests */ = {
			isa = PBXNativeTarget;
			buildConfigurationList = E102CFBE18BA334800813519 /* Build configuration list for PBXNativeTarget "parkc Tests" */;
			buildPhases = (
				E102CFA918BA334800813519 /* Sources */,
				E102CFAA18BA334800813519 /* Frameworks */,
				E102CFAB18BA334800813519 /* Resources */,
			);
			buildRules = (
			);
			dependencies = (
				E102CFBB18BA334800813519 /* PBXTargetDependency */,
			);
			name = "parkc Tests";
			productName = "parkc Tests";
			productReference = E102CFAD18BA334800813519 /* parkc Tests.xctest */;
			productType = "com.apple.product-type.bundle.unit-test";
		};
		E193DE8918B1181B004A5EF4 /* parkc */ = {
			isa = PBXNativeTarget;
			buildConfigurationList = E193DE9318B1181B004A5EF4 /* Build configuration list for PBXNativeTarget "parkc" */;
			buildPhases = (
				E193DE8618B1181B004A5EF4 /* Sources */,
				E193DE8718B1181B004A5EF4 /* Frameworks */,
				E193DE8818B1181B004A5EF4 /* CopyFiles */,
			);
			buildRules = (
			);
			dependencies = (
			);
			name = parkc;
			productName = parkc;
			productReference = E193DE8A18B1181B004A5EF4 /* parkc */;
			productType = "com.apple.product-type.tool";
		};
/* End PBXNativeTarget section */

/* Begin PBXProject section */
		E193DE8218B1181B004A5EF4 /* Project object */ = {
			isa = PBXProject;
			attributes = {
				LastUpgradeCheck = 0500;
				ORGANIZATIONNAME = "Lukáš Havrlant";
				TargetAttributes = {
					E102CFAC18BA334800813519 = {
						TestTargetID = E193DE8918B1181B004A5EF4;
					};
				};
			};
			buildConfigurationList = E193DE8518B1181B004A5EF4 /* Build configuration list for PBXProject "parkc" */;
			compatibilityVersion = "Xcode 3.2";
			developmentRegion = English;
			hasScannedForEncodings = 0;
			knownRegions = (
				en,
			);
			mainGroup = E193DE8118B1181B004A5EF4;
			productRefGroup = E193DE8B18B1181B004A5EF4 /* Products */;
			projectDirPath = "";
			projectRoot = "";
			targets = (
				E193DE8918B1181B004A5EF4 /* parkc */,
				E102CFAC18BA334800813519 /* parkc Tests */,
			);
		};
/* End PBXProject section */

/* Begin PBXResourcesBuildPhase section */
		E102CFAB18BA334800813519 /* Resources */ = {
			isa = PBXResourcesBuildPhase;
			buildActionMask = 2147483647;
			files = (
			);
			runOnlyForDeploymentPostprocessing = 0;
		};
/* End PBXResourcesBuildPhase section */

/* Begin PBXSourcesBuildPhase section */
		E102CFA918BA334800813519 /* Sources */ = {
			isa = PBXSourcesBuildPhase;
			buildActionMask = 2147483647;
			files = (
			);
			runOnlyForDeploymentPostprocessing = 0;
		};
		E193DE8618B1181B004A5EF4 /* Sources */ = {
			isa = PBXSourcesBuildPhase;
			buildActionMask = 2147483647;
			files = (
				E190768F18B8BD9F0082E443 /* vigenere.c in Sources */,
				E190768518B8BD990082E443 /* ospath.c in Sources */,
				E12EE38518B942760029BBF5 /* ciphers_generators.c in Sources */,
				E190768218B8BD990082E443 /* constants.c in Sources */,
				E190768618B8BD990082E443 /* stringext.c in Sources */,
				E12EE38118B91D040029BBF5 /* statistics.c in Sources */,
				E190768E18B8BD9F0082E443 /* substitution.c in Sources */,
				E12EE38818B948270029BBF5 /* caesar_brute.c in Sources */,
				E190767418B8BD920082E443 /* frequency.c in Sources */,
				E190768D18B8BD9F0082E443 /* caesar.c in Sources */,
				E190767518B8BD920082E443 /* topwords.c in Sources */,
				E102CFCC18BA45B900813519 /* unittest.c in Sources */,
				E190768418B8BD990082E443 /* osext.c in Sources */,
				E102CFC218BA388400813519 /* ciphers_test.c in Sources */,
				E190768318B8BD990082E443 /* files.c in Sources */,
				E190764018B8ACF00082E443 /* main.c in Sources */,
				E102CFC718BA3C2000813519 /* run_tests.c in Sources */,
				E190768118B8BD990082E443 /* arrayext.c in Sources */,
				E102CFCE18BBD3A600813519 /* utilities_tests.c in Sources */,
			);
			runOnlyForDeploymentPostprocessing = 0;
		};
/* End PBXSourcesBuildPhase section */

/* Begin PBXTargetDependency section */
		E102CFBB18BA334800813519 /* PBXTargetDependency */ = {
			isa = PBXTargetDependency;
			target = E193DE8918B1181B004A5EF4 /* parkc */;
			targetProxy = E102CFBA18BA334800813519 /* PBXContainerItemProxy */;
		};
/* End PBXTargetDependency section */

/* Begin XCBuildConfiguration section */
		E102CFBC18BA334800813519 /* Debug */ = {
			isa = XCBuildConfiguration;
			buildSettings = {
				FRAMEWORK_SEARCH_PATHS = (
					"$(DEVELOPER_FRAMEWORKS_DIR)",
					"$(inherited)",
				);
				GCC_PRECOMPILE_PREFIX_HEADER = YES;
				GCC_PREFIX_HEADER = "parkc Tests/parkc Tests-Prefix.pch";
				GCC_PREPROCESSOR_DEFINITIONS = (
					"DEBUG=1",
					"$(inherited)",
				);
				INFOPLIST_FILE = "parkc Tests/parkc Tests-Info.plist";
				PRODUCT_NAME = "$(TARGET_NAME)";
				WRAPPER_EXTENSION = xctest;
			};
			name = Debug;
		};
		E102CFBD18BA334800813519 /* Release */ = {
			isa = XCBuildConfiguration;
			buildSettings = {
				FRAMEWORK_SEARCH_PATHS = (
					"$(DEVELOPER_FRAMEWORKS_DIR)",
					"$(inherited)",
				);
				GCC_PRECOMPILE_PREFIX_HEADER = YES;
				GCC_PREFIX_HEADER = "parkc Tests/parkc Tests-Prefix.pch";
				INFOPLIST_FILE = "parkc Tests/parkc Tests-Info.plist";
				PRODUCT_NAME = "$(TARGET_NAME)";
				WRAPPER_EXTENSION = xctest;
			};
			name = Release;
		};
		E193DE9118B1181B004A5EF4 /* Debug */ = {
			isa = XCBuildConfiguration;
			buildSettings = {
				ALWAYS_SEARCH_USER_PATHS = NO;
				CLANG_CXX_LANGUAGE_STANDARD = "gnu++0x";
				CLANG_CXX_LIBRARY = "libc++";
				CLANG_ENABLE_OBJC_ARC = YES;
				CLANG_WARN_BOOL_CONVERSION = YES;
				CLANG_WARN_CONSTANT_CONVERSION = YES;
				CLANG_WARN_DIRECT_OBJC_ISA_USAGE = YES_ERROR;
				CLANG_WARN_EMPTY_BODY = YES;
				CLANG_WARN_ENUM_CONVERSION = YES;
				CLANG_WARN_INT_CONVERSION = YES;
				CLANG_WARN_OBJC_ROOT_CLASS = YES_ERROR;
				CLANG_WARN__DUPLICATE_METHOD_MATCH = YES;
				COPY_PHASE_STRIP = NO;
				GCC_C_LANGUAGE_STANDARD = gnu99;
				GCC_DYNAMIC_NO_PIC = NO;
				GCC_ENABLE_OBJC_EXCEPTIONS = YES;
				GCC_OPTIMIZATION_LEVEL = 0;
				GCC_PREPROCESSOR_DEFINITIONS = (
					"DEBUG=1",
					"$(inherited)",
				);
				GCC_SYMBOLS_PRIVATE_EXTERN = NO;
				GCC_WARN_64_TO_32_BIT_CONVERSION = YES;
				GCC_WARN_ABOUT_RETURN_TYPE = YES_ERROR;
				GCC_WARN_UNDECLARED_SELECTOR = YES;
				GCC_WARN_UNINITIALIZED_AUTOS = YES;
				GCC_WARN_UNUSED_FUNCTION = YES;
				GCC_WARN_UNUSED_VARIABLE = YES;
				MACOSX_DEPLOYMENT_TARGET = 10.9;
				ONLY_ACTIVE_ARCH = YES;
				SDKROOT = macosx;
			};
			name = Debug;
		};
		E193DE9218B1181B004A5EF4 /* Release */ = {
			isa = XCBuildConfiguration;
			buildSettings = {
				ALWAYS_SEARCH_USER_PATHS = NO;
				CLANG_CXX_LANGUAGE_STANDARD = "gnu++0x";
				CLANG_CXX_LIBRARY = "libc++";
				CLANG_ENABLE_OBJC_ARC = YES;
				CLANG_WARN_BOOL_CONVERSION = YES;
				CLANG_WARN_CONSTANT_CONVERSION = YES;
				CLANG_WARN_DIRECT_OBJC_ISA_USAGE = YES_ERROR;
				CLANG_WARN_EMPTY_BODY = YES;
				CLANG_WARN_ENUM_CONVERSION = YES;
				CLANG_WARN_INT_CONVERSION = YES;
				CLANG_WARN_OBJC_ROOT_CLASS = YES_ERROR;
				CLANG_WARN__DUPLICATE_METHOD_MATCH = YES;
				COPY_PHASE_STRIP = YES;
				DEBUG_INFORMATION_FORMAT = "dwarf-with-dsym";
				ENABLE_NS_ASSERTIONS = NO;
				GCC_C_LANGUAGE_STANDARD = gnu99;
				GCC_ENABLE_OBJC_EXCEPTIONS = YES;
				GCC_WARN_64_TO_32_BIT_CONVERSION = YES;
				GCC_WARN_ABOUT_RETURN_TYPE = YES_ERROR;
				GCC_WARN_UNDECLARED_SELECTOR = YES;
				GCC_WARN_UNINITIALIZED_AUTOS = YES;
				GCC_WARN_UNUSED_FUNCTION = YES;
				GCC_WARN_UNUSED_VARIABLE = YES;
				MACOSX_DEPLOYMENT_TARGET = 10.9;
				SDKROOT = macosx;
			};
			name = Release;
		};
		E193DE9418B1181B004A5EF4 /* Debug */ = {
			isa = XCBuildConfiguration;
			buildSettings = {
				PRODUCT_NAME = "$(TARGET_NAME)";
			};
			name = Debug;
		};
		E193DE9518B1181B004A5EF4 /* Release */ = {
			isa = XCBuildConfiguration;
			buildSettings = {
				PRODUCT_NAME = "$(TARGET_NAME)";
			};
			name = Release;
		};
/* End XCBuildConfiguration section */

/* Begin XCConfigurationList section */
		E102CFBE18BA334800813519 /* Build configuration list for PBXNativeTarget "parkc Tests" */ = {
			isa = XCConfigurationList;
			buildConfigurations = (
				E102CFBC18BA334800813519 /* Debug */,
				E102CFBD18BA334800813519 /* Release */,
			);
			defaultConfigurationIsVisible = 0;
		};
		E193DE8518B1181B004A5EF4 /* Build configuration list for PBXProject "parkc" */ = {
			isa = XCConfigurationList;
			buildConfigurations = (
				E193DE9118B1181B004A5EF4 /* Debug */,
				E193DE9218B1181B004A5EF4 /* Release */,
			);
			defaultConfigurationIsVisible = 0;
			defaultConfigurationName = Release;
		};
		E193DE9318B1181B004A5EF4 /* Build configuration list for PBXNativeTarget "parkc" */ = {
			isa = XCConfigurationList;
			buildConfigurations = (
				E193DE9418B1181B004A5EF4 /* Debug */,
				E193DE9518B1181B004A5EF4 /* Release */,
			);
			defaultConfigurationIsVisible = 0;
			defaultConfigurationName = Release;
		};
/* End XCConfigurationList section */
	};
	rootObject = E193DE8218B1181B004A5EF4 /* Project object */;
}
